// !$*UTF8*$!
{
	archiveVersion = 1;
	classes = {
	};
	objectVersion = 51;
	objects = {

/* Begin PBXBuildFile section */
		41A9ED81232A3FDE000FAA28 /* AppDelegate.swift in Sources */ = {isa = PBXBuildFile; fileRef = 41A9ED80232A3FDE000FAA28 /* AppDelegate.swift */; };
		41A9ED83232A3FDE000FAA28 /* ViewController.swift in Sources */ = {isa = PBXBuildFile; fileRef = 41A9ED82232A3FDE000FAA28 /* ViewController.swift */; };
		41A9ED86232A3FDE000FAA28 /* Main.storyboard in Resources */ = {isa = PBXBuildFile; fileRef = 41A9ED84232A3FDE000FAA28 /* Main.storyboard */; };
		41A9ED89232A3FDE000FAA28 /* ImageViewZOOm.xcdatamodeld in Sources */ = {isa = PBXBuildFile; fileRef = 41A9ED87232A3FDE000FAA28 /* ImageViewZOOm.xcdatamodeld */; };
		41A9ED8B232A3FDF000FAA28 /* Assets.xcassets in Resources */ = {isa = PBXBuildFile; fileRef = 41A9ED8A232A3FDF000FAA28 /* Assets.xcassets */; };
		41A9ED8E232A3FDF000FAA28 /* LaunchScreen.storyboard in Resources */ = {isa = PBXBuildFile; fileRef = 41A9ED8C232A3FDF000FAA28 /* LaunchScreen.storyboard */; };
		41A9ED96232A4D0D000FAA28 /* ImageViewCell.swift in Sources */ = {isa = PBXBuildFile; fileRef = 41A9ED95232A4D0D000FAA28 /* ImageViewCell.swift */; };
		9204411CA8D03BA7D74B0F7A /* Pods_ImageViewZOOm.framework in Frameworks */ = {isa = PBXBuildFile; fileRef = 3718E05C44D0C444997BD59C /* Pods_ImageViewZOOm.framework */; };
/* End PBXBuildFile section */

/* Begin PBXFileReference section */
		107165CB2C6F6D5406A64131 /* Pods-ImageViewZOOm.debug.xcconfig */ = {isa = PBXFileReference; includeInIndex = 1; lastKnownFileType = text.xcconfig; name = "Pods-ImageViewZOOm.debug.xcconfig"; path = "Target Support Files/Pods-ImageViewZOOm/Pods-ImageViewZOOm.debug.xcconfig"; sourceTree = "<group>"; };
		3718E05C44D0C444997BD59C /* Pods_ImageViewZOOm.framework */ = {isa = PBXFileReference; explicitFileType = wrapper.framework; includeInIndex = 0; path = Pods_ImageViewZOOm.framework; sourceTree = BUILT_PRODUCTS_DIR; };
		41A9ED7D232A3FDE000FAA28 /* ImageViewZOOm.app */ = {isa = PBXFileReference; explicitFileType = wrapper.application; includeInIndex = 0; path = ImageViewZOOm.app; sourceTree = BUILT_PRODUCTS_DIR; };
		41A9ED80232A3FDE000FAA28 /* AppDelegate.swift */ = {isa = PBXFileReference; lastKnownFileType = sourcecode.swift; path = AppDelegate.swift; sourceTree = "<group>"; };
		41A9ED82232A3FDE000FAA28 /* ViewController.swift */ = {isa = PBXFileReference; lastKnownFileType = sourcecode.swift; path = ViewController.swift; sourceTree = "<group>"; };
		41A9ED85232A3FDE000FAA28 /* Base */ = {isa = PBXFileReference; lastKnownFileType = file.storyboard; name = Base; path = Base.lproj/Main.storyboard; sourceTree = "<group>"; };
		41A9ED88232A3FDE000FAA28 /* ImageViewZOOm.xcdatamodel */ = {isa = PBXFileReference; lastKnownFileType = wrapper.xcdatamodel; path = ImageViewZOOm.xcdatamodel; sourceTree = "<group>"; };
		41A9ED8A232A3FDF000FAA28 /* Assets.xcassets */ = {isa = PBXFileReference; lastKnownFileType = folder.assetcatalog; path = Assets.xcassets; sourceTree = "<group>"; };
		41A9ED8D232A3FDF000FAA28 /* Base */ = {isa = PBXFileReference; lastKnownFileType = file.storyboard; name = Base; path = Base.lproj/LaunchScreen.storyboard; sourceTree = "<group>"; };
		41A9ED8F232A3FDF000FAA28 /* Info.plist */ = {isa = PBXFileReference; lastKnownFileType = text.plist.xml; path = Info.plist; sourceTree = "<group>"; };
		41A9ED95232A4D0D000FAA28 /* ImageViewCell.swift */ = {isa = PBXFileReference; lastKnownFileType = sourcecode.swift; path = ImageViewCell.swift; sourceTree = "<group>"; };
		FAE5E9CF4E9E662994C0CB41 /* Pods-ImageViewZOOm.release.xcconfig */ = {isa = PBXFileReference; includeInIndex = 1; lastKnownFileType = text.xcconfig; name = "Pods-ImageViewZOOm.release.xcconfig"; path = "Target Support Files/Pods-ImageViewZOOm/Pods-ImageViewZOOm.release.xcconfig"; sourceTree = "<group>"; };
/* End PBXFileReference section */

/* Begin PBXFrameworksBuildPhase section */
		41A9ED7A232A3FDE000FAA28 /* Frameworks */ = {
			isa = PBXFrameworksBuildPhase;
			buildActionMask = 2147483647;
			files = (
				9204411CA8D03BA7D74B0F7A /* Pods_ImageViewZOOm.framework in Frameworks */,
			);
			runOnlyForDeploymentPostprocessing = 0;
		};
/* End PBXFrameworksBuildPhase section */

/* Begin PBXGroup section */
		41A9ED74232A3FDE000FAA28 = {
			isa = PBXGroup;
			children = (
				41A9ED7F232A3FDE000FAA28 /* ImageViewZOOm */,
				41A9ED7E232A3FDE000FAA28 /* Products */,
				D4F3960730F1A51EE84C03BB /* Pods */,
				D6B91D33F5F33D88581968FB /* Frameworks */,
			);
			sourceTree = "<group>";
		};
		41A9ED7E232A3FDE000FAA28 /* Products */ = {
			isa = PBXGroup;
			children = (
				41A9ED7D232A3FDE000FAA28 /* ImageViewZOOm.app */,
			);
			name = Products;
			sourceTree = "<group>";
		};
		41A9ED7F232A3FDE000FAA28 /* ImageViewZOOm */ = {
			isa = PBXGroup;
			children = (
				41A9ED80232A3FDE000FAA28 /* AppDelegate.swift */,
				41A9ED82232A3FDE000FAA28 /* ViewController.swift */,
				41A9ED84232A3FDE000FAA28 /* Main.storyboard */,
				41A9ED8A232A3FDF000FAA28 /* Assets.xcassets */,
				41A9ED8C232A3FDF000FAA28 /* LaunchScreen.storyboard */,
				41A9ED8F232A3FDF000FAA28 /* Info.plist */,
				41A9ED87232A3FDE000FAA28 /* ImageViewZOOm.xcdatamodeld */,
				41A9ED95232A4D0D000FAA28 /* ImageViewCell.swift */,
			);
			path = ImageViewZOOm;
			sourceTree = "<group>";
		};
		D4F3960730F1A51EE84C03BB /* Pods */ = {
			isa = PBXGroup;
			children = (
				107165CB2C6F6D5406A64131 /* Pods-ImageViewZOOm.debug.xcconfig */,
				FAE5E9CF4E9E662994C0CB41 /* Pods-ImageViewZOOm.release.xcconfig */,
			);
			path = Pods;
			sourceTree = "<group>";
		};
		D6B91D33F5F33D88581968FB /* Frameworks */ = {
			isa = PBXGroup;
			children = (
				3718E05C44D0C444997BD59C /* Pods_ImageViewZOOm.framework */,
			);
			name = Frameworks;
			sourceTree = "<group>";
		};
/* End PBXGroup section */

/* Begin PBXNativeTarget section */
		41A9ED7C232A3FDE000FAA28 /* ImageViewZOOm */ = {
			isa = PBXNativeTarget;
			buildConfigurationList = 41A9ED92232A3FDF000FAA28 /* Build configuration list for PBXNativeTarget "ImageViewZOOm" */;
			buildPhases = (
				FC8AAA780169314518C76E7C /* [CP] Check Pods Manifest.lock */,
				41A9ED79232A3FDE000FAA28 /* Sources */,
				41A9ED7A232A3FDE000FAA28 /* Frameworks */,
				41A9ED7B232A3FDE000FAA28 /* Resources */,
				209CC5A26A673972858FC4E0 /* [CP] Embed Pods Frameworks */,
			);
			buildRules = (
			);
			dependencies = (
			);
			name = ImageViewZOOm;
			productName = ImageViewZOOm;
			productReference = 41A9ED7D232A3FDE000FAA28 /* ImageViewZOOm.app */;
			productType = "com.apple.product-type.application";
		};
/* End PBXNativeTarget section */

/* Begin PBXProject section */
		41A9ED75232A3FDE000FAA28 /* Project object */ = {
			isa = PBXProject;
			attributes = {
				LastSwiftUpdateCheck = 1030;
				LastUpgradeCheck = 1030;
				ORGANIZATIONNAME = drs24;
				TargetAttributes = {
					41A9ED7C232A3FDE000FAA28 = {
						CreatedOnToolsVersion = 10.3;
					};
				};
			};
			buildConfigurationList = 41A9ED78232A3FDE000FAA28 /* Build configuration list for PBXProject "ImageViewZOOm" */;
			compatibilityVersion = "Xcode 9.3";
			developmentRegion = en;
			hasScannedForEncodings = 0;
			knownRegions = (
				en,
				Base,
			);
			mainGroup = 41A9ED74232A3FDE000FAA28;
			productRefGroup = 41A9ED7E232A3FDE000FAA28 /* Products */;
			projectDirPath = "";
			projectRoot = "";
			targets = (
				41A9ED7C232A3FDE000FAA28 /* ImageViewZOOm */,
			);
		};
/* End PBXProject section */

/* Begin PBXResourcesBuildPhase section */
		41A9ED7B232A3FDE000FAA28 /* Resources */ = {
			isa = PBXResourcesBuildPhase;
			buildActionMask = 2147483647;
			files = (
				41A9ED8E232A3FDF000FAA28 /* LaunchScreen.storyboard in Resources */,
				41A9ED8B232A3FDF000FAA28 /* Assets.xcassets in Resources */,
				41A9ED86232A3FDE000FAA28 /* Main.storyboard in Resources */,
			);
			runOnlyForDeploymentPostprocessing = 0;
		};
/* End PBXResourcesBuildPhase section */

/* Begin PBXShellScriptBuildPhase section */
		209CC5A26A673972858FC4E0 /* [CP] Embed Pods Frameworks */ = {
			isa = PBXShellScriptBuildPhase;
			buildActionMask = 2147483647;
			files = (
			);
			inputFileListPaths = (
				"${PODS_ROOT}/Target Support Files/Pods-ImageViewZOOm/Pods-ImageViewZOOm-frameworks-${CONFIGURATION}-input-files.xcfilelist",
			);
			name = "[CP] Embed Pods Frameworks";
			outputFileListPaths = (
				"${PODS_ROOT}/Target Support Files/Pods-ImageViewZOOm/Pods-ImageViewZOOm-frameworks-${CONFIGURATION}-output-files.xcfilelist",
			);
			runOnlyForDeploymentPostprocessing = 0;
			shellPath = /bin/sh;
			shellScript = "\"${PODS_ROOT}/Target Support Files/Pods-ImageViewZOOm/Pods-ImageViewZOOm-frameworks.sh\"\n";
			showEnvVarsInLog = 0;
		};
		FC8AAA780169314518C76E7C /* [CP] Check Pods Manifest.lock */ = {
			isa = PBXShellScriptBuildPhase;
			buildActionMask = 2147483647;
			files = (
			);
			inputFileListPaths = (
			);
			inputPaths = (
				"${PODS_PODFILE_DIR_PATH}/Podfile.lock",
				"${PODS_ROOT}/Manifest.lock",
			);
			name = "[CP] Check Pods Manifest.lock";
			outputFileListPaths = (
			);
			outputPaths = (
				"$(DERIVED_FILE_DIR)/Pods-ImageViewZOOm-checkManifestLockResult.txt",
			);
			runOnlyForDeploymentPostprocessing = 0;
			shellPath = /bin/sh;
			shellScript = "diff \"${PODS_PODFILE_DIR_PATH}/Podfile.lock\" \"${PODS_ROOT}/Manifest.lock\" > /dev/null\nif [ $? != 0 ] ; then\n    # print error to STDERR\n    echo \"error: The sandbox is not in sync with the Podfile.lock. Run 'pod install' or update your CocoaPods installation.\" >&2\n    exit 1\nfi\n# This output is used by Xcode 'outputs' to avoid re-running this script phase.\necho \"SUCCESS\" > \"${SCRIPT_OUTPUT_FILE_0}\"\n";
			showEnvVarsInLog = 0;
		};
/* End PBXShellScriptBuildPhase section */

/* Begin PBXSourcesBuildPhase section */
		41A9ED79232A3FDE000FAA28 /* Sources */ = {
			isa = PBXSourcesBuildPhase;
			buildActionMask = 2147483647;
			files = (
				41A9ED96232A4D0D000FAA28 /* ImageViewCell.swift in Sources */,
				41A9ED89232A3FDE000FAA28 /* ImageViewZOOm.xcdatamodeld in Sources */,
				41A9ED83232A3FDE000FAA28 /* ViewController.swift in Sources */,
				41A9ED81232A3FDE000FAA28 /* AppDelegate.swift in Sources */,
			);
			runOnlyForDeploymentPostprocessing = 0;
		};
/* End PBXSourcesBuildPhase section */

/* Begin PBXVariantGroup section */
		41A9ED84232A3FDE000FAA28 /* Main.storyboard */ = {
			isa = PBXVariantGroup;
			children = (
				41A9ED85232A3FDE000FAA28 /* Base */,
			);
			name = Main.storyboard;
			sourceTree = "<group>";
		};
		41A9ED8C232A3FDF000FAA28 /* LaunchScreen.storyboard */ = {
			isa = PBXVariantGroup;
			children = (
				41A9ED8D232A3FDF000FAA28 /* Base */,
			);
			name = LaunchScreen.storyboard;
			sourceTree = "<group>";
		};
/* End PBXVariantGroup section */

/* Begin XCBuildConfiguration section */
		41A9ED90232A3FDF000FAA28 /* Debug */ = {
			isa = XCBuildConfiguration;
			buildSettings = {
				ALWAYS_SEARCH_USER_PATHS = NO;
				CLANG_ANALYZER_NONNULL = YES;
				CLANG_ANALYZER_NUMBER_OBJECT_CONVERSION = YES_AGGRESSIVE;
				CLANG_CXX_LANGUAGE_STANDARD = "gnu++14";
				CLANG_CXX_LIBRARY = "libc++";
				CLANG_ENABLE_MODULES = YES;
				CLANG_ENABLE_OBJC_ARC = YES;
				CLANG_ENABLE_OBJC_WEAK = YES;
				CLANG_WARN_BLOCK_CAPTURE_AUTORELEASING = YES;
				CLANG_WARN_BOOL_CONVERSION = YES;
				CLANG_WARN_COMMA = YES;
				CLANG_WARN_CONSTANT_CONVERSION = YES;
				CLANG_WARN_DEPRECATED_OBJC_IMPLEMENTATIONS = YES;
				CLANG_WARN_DIRECT_OBJC_ISA_USAGE = YES_ERROR;
				CLANG_WARN_DOCUMENTATION_COMMENTS = YES;
				CLANG_WARN_EMPTY_BODY = YES;
				CLANG_WARN_ENUM_CONVERSION = YES;
				CLANG_WARN_INFINITE_RECURSION = YES;
				CLANG_WARN_INT_CONVERSION = YES;
				CLANG_WARN_NON_LITERAL_NULL_CONVERSION = YES;
				CLANG_WARN_OBJC_IMPLICIT_RETAIN_SELF = YES;
				CLANG_WARN_OBJC_LITERAL_CONVERSION = YES;
				CLANG_WARN_OBJC_ROOT_CLASS = YES_ERROR;
				CLANG_WARN_RANGE_LOOP_ANALYSIS = YES;
				CLANG_WARN_STRICT_PROTOTYPES = YES;
				CLANG_WARN_SUSPICIOUS_MOVE = YES;
				CLANG_WARN_UNGUARDED_AVAILABILITY = YES_AGGRESSIVE;
				CLANG_WARN_UNREACHABLE_CODE = YES;
				CLANG_WARN__DUPLICATE_METHOD_MATCH = YES;
				CODE_SIGN_IDENTITY = "iPhone Developer";
				COPY_PHASE_STRIP = NO;
				DEBUG_INFORMATION_FORMAT = dwarf;
				ENABLE_STRICT_OBJC_MSGSEND = YES;
				ENABLE_TESTABILITY = YES;
				GCC_C_LANGUAGE_STANDARD = gnu11;
				GCC_DYNAMIC_NO_PIC = NO;
				GCC_NO_COMMON_BLOCKS = YES;
				GCC_OPTIMIZATION_LEVEL = 0;
				GCC_PREPROCESSOR_DEFINITIONS = (
					"DEBUG=1",
					"$(inherited)",
				);
				GCC_WARN_64_TO_32_BIT_CONVERSION = YES;
				GCC_WARN_ABOUT_RETURN_TYPE = YES_ERROR;
				GCC_WARN_UNDECLARED_SELECTOR = YES;
				GCC_WARN_UNINITIALIZED_AUTOS = YES_AGGRESSIVE;
				GCC_WARN_UNUSED_FUNCTION = YES;
				GCC_WARN_UNUSED_VARIABLE = YES;
				IPHONEOS_DEPLOYMENT_TARGET = 12.4;
				MTL_ENABLE_DEBUG_INFO = INCLUDE_SOURCE;
				MTL_FAST_MATH = YES;
				ONLY_ACTIVE_ARCH = YES;
				SDKROOT = iphoneos;
				SWIFT_ACTIVE_COMPILATION_CONDITIONS = DEBUG;
				SWIFT_OPTIMIZATION_LEVEL = "-Onone";
			};
			name = Debug;
		};
		41A9ED91232A3FDF000FAA28 /* Release */ = {
			isa = XCBuildConfiguration;
			buildSettings = {
				ALWAYS_SEARCH_USER_PATHS = NO;
				CLANG_ANALYZER_NONNULL = YES;
				CLANG_ANALYZER_NUMBER_OBJECT_CONVERSION = YES_AGGRESSIVE;
				CLANG_CXX_LANGUAGE_STANDARD = "gnu++14";
				CLANG_CXX_LIBRARY = "libc++";
				CLANG_ENABLE_MODULES = YES;
				CLANG_ENABLE_OBJC_ARC = YES;
				CLANG_ENABLE_OBJC_WEAK = YES;
				CLANG_WARN_BLOCK_CAPTURE_AUTORELEASING = YES;
				CLANG_WARN_BOOL_CONVERSION = YES;
				CLANG_WARN_COMMA = YES;
				CLANG_WARN_CONSTANT_CONVERSION = YES;
				CLANG_WARN_DEPRECATED_OBJC_IMPLEMENTATIONS = YES;
				CLANG_WARN_DIRECT_OBJC_ISA_USAGE = YES_ERROR;
				CLANG_WARN_DOCUMENTATION_COMMENTS = YES;
				CLANG_WARN_EMPTY_BODY = YES;
				CLANG_WARN_ENUM_CONVERSION = YES;
				CLANG_WARN_INFINITE_RECURSION = YES;
				CLANG_WARN_INT_CONVERSION = YES;
				CLANG_WARN_NON_LITERAL_NULL_CONVERSION = YES;
				CLANG_WARN_OBJC_IMPLICIT_RETAIN_SELF = YES;
				CLANG_WARN_OBJC_LITERAL_CONVERSION = YES;
				CLANG_WARN_OBJC_ROOT_CLASS = YES_ERROR;
				CLANG_WARN_RANGE_LOOP_ANALYSIS = YES;
				CLANG_WARN_STRICT_PROTOTYPES = YES;
				CLANG_WARN_SUSPICIOUS_MOVE = YES;
				CLANG_WARN_UNGUARDED_AVAILABILITY = YES_AGGRESSIVE;
				CLANG_WARN_UNREACHABLE_CODE = YES;
				CLANG_WARN__DUPLICATE_METHOD_MATCH = YES;
				CODE_SIGN_IDENTITY = "iPhone Developer";
				COPY_PHASE_STRIP = NO;
				DEBUG_INFORMATION_FORMAT = "dwarf-with-dsym";
				ENABLE_NS_ASSERTIONS = NO;
				ENABLE_STRICT_OBJC_MSGSEND = YES;
				GCC_C_LANGUAGE_STANDARD = gnu11;
				GCC_NO_COMMON_BLOCKS = YES;
				GCC_WARN_64_TO_32_BIT_CONVERSION = YES;
				GCC_WARN_ABOUT_RETURN_TYPE = YES_ERROR;
				GCC_WARN_UNDECLARED_SELECTOR = YES;
				GCC_WARN_UNINITIALIZED_AUTOS = YES_AGGRESSIVE;
				GCC_WARN_UNUSED_FUNCTION = YES;
				GCC_WARN_UNUSED_VARIABLE = YES;
				IPHONEOS_DEPLOYMENT_TARGET = 12.4;
				MTL_ENABLE_DEBUG_INFO = NO;
				MTL_FAST_MATH = YES;
				SDKROOT = iphoneos;
				SWIFT_COMPILATION_MODE = wholemodule;
				SWIFT_OPTIMIZATION_LEVEL = "-O";
				VALIDATE_PRODUCT = YES;
			};
			name = Release;
		};
		41A9ED93232A3FDF000FAA28 /* Debug */ = {
			isa = XCBuildConfiguration;
			baseConfigurationReference = 107165CB2C6F6D5406A64131 /* Pods-ImageViewZOOm.debug.xcconfig */;
			buildSettings = {
				ASSETCATALOG_COMPILER_APPICON_NAME = AppIcon;
				CODE_SIGN_STYLE = Automatic;
				DEVELOPMENT_TEAM = 3PXPM5SP82;
				INFOPLIST_FILE = ImageViewZOOm/Info.plist;
				LD_RUNPATH_SEARCH_PATHS = (
					"$(inherited)",
					"@executable_path/Frameworks",
				);
				PRODUCT_BUNDLE_IDENTIFIER = com.drs24.CoreDataSample.ImageViewZOOm;
				PRODUCT_NAME = "$(TARGET_NAME)";
				SWIFT_VERSION = 5.0;
				TARGETED_DEVICE_FAMILY = "1,2";
			};
			name = Debug;
		};
		41A9ED94232A3FDF000FAA28 /* Release */ = {
			isa = XCBuildConfiguration;
			baseConfigurationReference = FAE5E9CF4E9E662994C0CB41 /* Pods-ImageViewZOOm.release.xcconfig */;
			buildSettings = {
				ASSETCATALOG_COMPILER_APPICON_NAME = AppIcon;
				CODE_SIGN_STYLE = Automatic;
				DEVELOPMENT_TEAM = 3PXPM5SP82;
				INFOPLIST_FILE = ImageViewZOOm/Info.plist;
				LD_RUNPATH_SEARCH_PATHS = (
					"$(inherited)",
					"@executable_path/Frameworks",
				);
				PRODUCT_BUNDLE_IDENTIFIER = com.drs24.CoreDataSample.ImageViewZOOm;
				PRODUCT_NAME = "$(TARGET_NAME)";
				SWIFT_VERSION = 5.0;
				TARGETED_DEVICE_FAMILY = "1,2";
			};
			name = Release;
		};
/* End XCBuildConfiguration section */

/* Begin XCConfigurationList section */
		41A9ED78232A3FDE000FAA28 /* Build configuration list for PBXProject "ImageViewZOOm" */ = {
			isa = XCConfigurationList;
			buildConfigurations = (
				41A9ED90232A3FDF000FAA28 /* Debug */,
				41A9ED91232A3FDF000FAA28 /* Release */,
			);
			defaultConfigurationIsVisible = 0;
			defaultConfigurationName = Release;
		};
		41A9ED92232A3FDF000FAA28 /* Build configuration list for PBXNativeTarget "ImageViewZOOm" */ = {
			isa = XCConfigurationList;
			buildConfigurations = (
				41A9ED93232A3FDF000FAA28 /* Debug */,
				41A9ED94232A3FDF000FAA28 /* Release */,
			);
			defaultConfigurationIsVisible = 0;
			defaultConfigurationName = Release;
		};
/* End XCConfigurationList section */

/* Begin XCVersionGroup section */
		41A9ED87232A3FDE000FAA28 /* ImageViewZOOm.xcdatamodeld */ = {
			isa = XCVersionGroup;
			children = (
				41A9ED88232A3FDE000FAA28 /* ImageViewZOOm.xcdatamodel */,
			);
			currentVersion = 41A9ED88232A3FDE000FAA28 /* ImageViewZOOm.xcdatamodel */;
			path = ImageViewZOOm.xcdatamodeld;
			sourceTree = "<group>";
			versionGroupType = wrapper.xcdatamodel;
		};
/* End XCVersionGroup section */
	};
	rootObject = 41A9ED75232A3FDE000FAA28 /* Project object */;
}
